
Microsoft Visual Studio Solution File, Format Version 12.00
# Visual Studio Version 16
VisualStudioVersion = 16.0.29709.97
MinimumVisualStudioVersion = 10.0.40219.1
Project("{FAE04EC0-301F-11D3-BF4B-00C04F79EFBC}") = "Klausur_T2_v1_SS20", "Klausur_T2_v1_SS20\Klausur_T2_v1_SS20.csproj", "{9C0F2B3F-B01B-42E5-9573-3A1217C3C91F}"
EndProject
Global
	GlobalSection(SolutionConfigurationPlatforms) = preSolution
		Debug|Any CPU = Debug|Any CPU
		Release|Any CPU = Release|Any CPU
	EndGlobalSection
	GlobalSection(ProjectConfigurationPlatforms) = postSolution
		{9C0F2B3F-B01B-42E5-9573-3A1217C3C91F}.Debug|Any CPU.ActiveCfg = Debug|Any CPU
		{9C0F2B3F-B01B-42E5-9573-3A1217C3C91F}.Debug|Any CPU.Build.0 = Debug|Any CPU
		{9C0F2B3F-B01B-42E5-9573-3A1217C3C91F}.Release|Any CPU.ActiveCfg = Release|Any CPU
		{9C0F2B3F-B01B-42E5-9573-3A1217C3C91F}.Release|Any CPU.Build.0 = Release|Any CPU
	EndGlobalSection
	GlobalSection(SolutionProperties) = preSolution
		HideSolutionNode = FALSE
	EndGlobalSection
	GlobalSection(ExtensibilityGlobals) = postSolution
		SolutionGuid = {2E05A0A9-C9BF-4397-8B47-C1F0C90EF0A1}
	EndGlobalSection
EndGlobal
